
Microsoft Visual Studio Solution File, Format Version 12.00
# Visual Studio Version 17
VisualStudioVersion = 17.6.33815.320
MinimumVisualStudioVersion = 10.0.40219.1
Project("{FAE04EC0-301F-11D3-BF4B-00C04F79EFBC}") = "Shoot OOP GAME", "Shoot OOP GAME\Shoot OOP GAME.csproj", "{446ABC73-7F2C-4110-A98C-0B24EF2FAF5F}"
EndProject
Global
	GlobalSection(SolutionConfigurationPlatforms) = preSolution
		Debug|Any CPU = Debug|Any CPU
		Release|Any CPU = Release|Any CPU
	EndGlobalSection
	GlobalSection(ProjectConfigurationPlatforms) = postSolution
		{446ABC73-7F2C-4110-A98C-0B24EF2FAF5F}.Debug|Any CPU.ActiveCfg = Debug|Any CPU
		{446ABC73-7F2C-4110-A98C-0B24EF2FAF5F}.Debug|Any CPU.Build.0 = Debug|Any CPU
		{446ABC73-7F2C-4110-A98C-0B24EF2FAF5F}.Release|Any CPU.ActiveCfg = Release|Any CPU
		{446ABC73-7F2C-4110-A98C-0B24EF2FAF5F}.Release|Any CPU.Build.0 = Release|Any CPU
	EndGlobalSection
	GlobalSection(SolutionProperties) = preSolution
		HideSolutionNode = FALSE
	EndGlobalSection
	GlobalSection(ExtensibilityGlobals) = postSolution
		SolutionGuid = {B7619418-C1A4-43B3-AA9A-9CA7BF243342}
	EndGlobalSection
EndGlobal
